
Microsoft Visual Studio Solution File, Format Version 12.00
# Visual Studio 15
VisualStudioVersion = 15.0.27130.2010
MinimumVisualStudioVersion = 10.0.40219.1
Project("{FAE04EC0-301F-11D3-BF4B-00C04F79EFBC}") = "XmlUnit", "XmlUnit\XmlUnit.csproj", "{4C030688-C116-4C7E-ABDE-5CE116FAAAE7}"
EndProject
Project("{FAE04EC0-301F-11D3-BF4B-00C04F79EFBC}") = "XmlUnit.Tests", "XmlUnit.Tests\XmlUnit.Tests.csproj", "{5D38DBAE-5ED0-46B2-92B6-CE4996D875B9}"
EndProject
Project("{FAE04EC0-301F-11D3-BF4B-00C04F79EFBC}") = "XmlUnit.NUnitAdapter3", "XmlUnit.NUnitAdapter3\XmlUnit.NUnitAdapter3.csproj", "{E1CD295F-A7E4-4BF5-A52E-4C399BEA1848}"
EndProject
Project("{FAE04EC0-301F-11D3-BF4B-00C04F79EFBC}") = "XmlUnit.NUnitAdapter", "XmlUnit.NUnitAdapter\XmlUnit.NUnitAdapter.csproj", "{AA77B023-D6B3-4CBB-BEF0-661774DEC658}"
EndProject
Global
	GlobalSection(SolutionConfigurationPlatforms) = preSolution
		Debug|Any CPU = Debug|Any CPU
		Release|Any CPU = Release|Any CPU
	EndGlobalSection
	GlobalSection(ProjectConfigurationPlatforms) = postSolution
		{4C030688-C116-4C7E-ABDE-5CE116FAAAE7}.Debug|Any CPU.ActiveCfg = Debug|Any CPU
		{4C030688-C116-4C7E-ABDE-5CE116FAAAE7}.Debug|Any CPU.Build.0 = Debug|Any CPU
		{4C030688-C116-4C7E-ABDE-5CE116FAAAE7}.Release|Any CPU.ActiveCfg = Release|Any CPU
		{4C030688-C116-4C7E-ABDE-5CE116FAAAE7}.Release|Any CPU.Build.0 = Release|Any CPU
		{5D38DBAE-5ED0-46B2-92B6-CE4996D875B9}.Debug|Any CPU.ActiveCfg = Debug|Any CPU
		{5D38DBAE-5ED0-46B2-92B6-CE4996D875B9}.Debug|Any CPU.Build.0 = Debug|Any CPU
		{5D38DBAE-5ED0-46B2-92B6-CE4996D875B9}.Release|Any CPU.ActiveCfg = Release|Any CPU
		{5D38DBAE-5ED0-46B2-92B6-CE4996D875B9}.Release|Any CPU.Build.0 = Release|Any CPU
		{E1CD295F-A7E4-4BF5-A52E-4C399BEA1848}.Debug|Any CPU.ActiveCfg = Debug|Any CPU
		{E1CD295F-A7E4-4BF5-A52E-4C399BEA1848}.Debug|Any CPU.Build.0 = Debug|Any CPU
		{E1CD295F-A7E4-4BF5-A52E-4C399BEA1848}.Release|Any CPU.ActiveCfg = Release|Any CPU
		{E1CD295F-A7E4-4BF5-A52E-4C399BEA1848}.Release|Any CPU.Build.0 = Release|Any CPU
		{AA77B023-D6B3-4CBB-BEF0-661774DEC658}.Debug|Any CPU.ActiveCfg = Debug|Any CPU
		{AA77B023-D6B3-4CBB-BEF0-661774DEC658}.Debug|Any CPU.Build.0 = Debug|Any CPU
		{AA77B023-D6B3-4CBB-BEF0-661774DEC658}.Release|Any CPU.ActiveCfg = Release|Any CPU
		{AA77B023-D6B3-4CBB-BEF0-661774DEC658}.Release|Any CPU.Build.0 = Release|Any CPU
	EndGlobalSection
	GlobalSection(SolutionProperties) = preSolution
		HideSolutionNode = FALSE
	EndGlobalSection
	GlobalSection(ExtensibilityGlobals) = postSolution
		SolutionGuid = {9CA825AA-4FB7-4612-A1FD-F7ABACAE115A}
	EndGlobalSection
EndGlobal
